
Microsoft Visual Studio Solution File, Format Version 12.00
# Visual Studio Version 16
VisualStudioVersion = 16.6.30114.105
MinimumVisualStudioVersion = 10.0.40219.1
Project("{FAE04EC0-301F-11D3-BF4B-00C04F79EFBC}") = "API", "API\API.csproj", "{5BB9D220-4014-49BA-A3C2-BCB536310525}"
EndProject
Project("{FAE04EC0-301F-11D3-BF4B-00C04F79EFBC}") = "Application", "Application\Application.csproj", "{5AA49E37-2FC5-495A-8A94-A2CF1CC88266}"
EndProject
Project("{FAE04EC0-301F-11D3-BF4B-00C04F79EFBC}") = "Persistence", "Persistence\Persistence.csproj", "{A3D44B4E-E1C4-4780-A02A-5CADE6A08AB2}"
EndProject
Project("{FAE04EC0-301F-11D3-BF4B-00C04F79EFBC}") = "Domain", "Domain\Domain.csproj", "{7AF4747F-E82B-4793-AD86-6FE0FC0D9ED6}"
EndProject
Global
	GlobalSection(SolutionConfigurationPlatforms) = preSolution
		Debug|Any CPU = Debug|Any CPU
		Debug|x64 = Debug|x64
		Debug|x86 = Debug|x86
		Release|Any CPU = Release|Any CPU
		Release|x64 = Release|x64
		Release|x86 = Release|x86
	EndGlobalSection
	GlobalSection(SolutionProperties) = preSolution
		HideSolutionNode = FALSE
	EndGlobalSection
	GlobalSection(ProjectConfigurationPlatforms) = postSolution
		{5BB9D220-4014-49BA-A3C2-BCB536310525}.Debug|Any CPU.ActiveCfg = Debug|Any CPU
		{5BB9D220-4014-49BA-A3C2-BCB536310525}.Debug|Any CPU.Build.0 = Debug|Any CPU
		{5BB9D220-4014-49BA-A3C2-BCB536310525}.Debug|x64.ActiveCfg = Debug|Any CPU
		{5BB9D220-4014-49BA-A3C2-BCB536310525}.Debug|x64.Build.0 = Debug|Any CPU
		{5BB9D220-4014-49BA-A3C2-BCB536310525}.Debug|x86.ActiveCfg = Debug|Any CPU
		{5BB9D220-4014-49BA-A3C2-BCB536310525}.Debug|x86.Build.0 = Debug|Any CPU
		{5BB9D220-4014-49BA-A3C2-BCB536310525}.Release|Any CPU.ActiveCfg = Release|Any CPU
		{5BB9D220-4014-49BA-A3C2-BCB536310525}.Release|Any CPU.Build.0 = Release|Any CPU
		{5BB9D220-4014-49BA-A3C2-BCB536310525}.Release|x64.ActiveCfg = Release|Any CPU
		{5BB9D220-4014-49BA-A3C2-BCB536310525}.Release|x64.Build.0 = Release|Any CPU
		{5BB9D220-4014-49BA-A3C2-BCB536310525}.Release|x86.ActiveCfg = Release|Any CPU
		{5BB9D220-4014-49BA-A3C2-BCB536310525}.Release|x86.Build.0 = Release|Any CPU
		{5AA49E37-2FC5-495A-8A94-A2CF1CC88266}.Debug|Any CPU.ActiveCfg = Debug|Any CPU
		{5AA49E37-2FC5-495A-8A94-A2CF1CC88266}.Debug|Any CPU.Build.0 = Debug|Any CPU
		{5AA49E37-2FC5-495A-8A94-A2CF1CC88266}.Debug|x64.ActiveCfg = Debug|Any CPU
		{5AA49E37-2FC5-495A-8A94-A2CF1CC88266}.Debug|x64.Build.0 = Debug|Any CPU
		{5AA49E37-2FC5-495A-8A94-A2CF1CC88266}.Debug|x86.ActiveCfg = Debug|Any CPU
		{5AA49E37-2FC5-495A-8A94-A2CF1CC88266}.Debug|x86.Build.0 = Debug|Any CPU
		{5AA49E37-2FC5-495A-8A94-A2CF1CC88266}.Release|Any CPU.ActiveCfg = Release|Any CPU
		{5AA49E37-2FC5-495A-8A94-A2CF1CC88266}.Release|Any CPU.Build.0 = Release|Any CPU
		{5AA49E37-2FC5-495A-8A94-A2CF1CC88266}.Release|x64.ActiveCfg = Release|Any CPU
		{5AA49E37-2FC5-495A-8A94-A2CF1CC88266}.Release|x64.Build.0 = Release|Any CPU
		{5AA49E37-2FC5-495A-8A94-A2CF1CC88266}.Release|x86.ActiveCfg = Release|Any CPU
		{5AA49E37-2FC5-495A-8A94-A2CF1CC88266}.Release|x86.Build.0 = Release|Any CPU
		{A3D44B4E-E1C4-4780-A02A-5CADE6A08AB2}.Debug|Any CPU.ActiveCfg = Debug|Any CPU
		{A3D44B4E-E1C4-4780-A02A-5CADE6A08AB2}.Debug|Any CPU.Build.0 = Debug|Any CPU
		{A3D44B4E-E1C4-4780-A02A-5CADE6A08AB2}.Debug|x64.ActiveCfg = Debug|Any CPU
		{A3D44B4E-E1C4-4780-A02A-5CADE6A08AB2}.Debug|x64.Build.0 = Debug|Any CPU
		{A3D44B4E-E1C4-4780-A02A-5CADE6A08AB2}.Debug|x86.ActiveCfg = Debug|Any CPU
		{A3D44B4E-E1C4-4780-A02A-5CADE6A08AB2}.Debug|x86.Build.0 = Debug|Any CPU
		{A3D44B4E-E1C4-4780-A02A-5CADE6A08AB2}.Release|Any CPU.ActiveCfg = Release|Any CPU
		{A3D44B4E-E1C4-4780-A02A-5CADE6A08AB2}.Release|Any CPU.Build.0 = Release|Any CPU
		{A3D44B4E-E1C4-4780-A02A-5CADE6A08AB2}.Release|x64.ActiveCfg = Release|Any CPU
		{A3D44B4E-E1C4-4780-A02A-5CADE6A08AB2}.Release|x64.Build.0 = Release|Any CPU
		{A3D44B4E-E1C4-4780-A02A-5CADE6A08AB2}.Release|x86.ActiveCfg = Release|Any CPU
		{A3D44B4E-E1C4-4780-A02A-5CADE6A08AB2}.Release|x86.Build.0 = Release|Any CPU
		{7AF4747F-E82B-4793-AD86-6FE0FC0D9ED6}.Debug|Any CPU.ActiveCfg = Debug|Any CPU
		{7AF4747F-E82B-4793-AD86-6FE0FC0D9ED6}.Debug|Any CPU.Build.0 = Debug|Any CPU
		{7AF4747F-E82B-4793-AD86-6FE0FC0D9ED6}.Debug|x64.ActiveCfg = Debug|Any CPU
		{7AF4747F-E82B-4793-AD86-6FE0FC0D9ED6}.Debug|x64.Build.0 = Debug|Any CPU
		{7AF4747F-E82B-4793-AD86-6FE0FC0D9ED6}.Debug|x86.ActiveCfg = Debug|Any CPU
		{7AF4747F-E82B-4793-AD86-6FE0FC0D9ED6}.Debug|x86.Build.0 = Debug|Any CPU
		{7AF4747F-E82B-4793-AD86-6FE0FC0D9ED6}.Release|Any CPU.ActiveCfg = Release|Any CPU
		{7AF4747F-E82B-4793-AD86-6FE0FC0D9ED6}.Release|Any CPU.Build.0 = Release|Any CPU
		{7AF4747F-E82B-4793-AD86-6FE0FC0D9ED6}.Release|x64.ActiveCfg = Release|Any CPU
		{7AF4747F-E82B-4793-AD86-6FE0FC0D9ED6}.Release|x64.Build.0 = Release|Any CPU
		{7AF4747F-E82B-4793-AD86-6FE0FC0D9ED6}.Release|x86.ActiveCfg = Release|Any CPU
		{7AF4747F-E82B-4793-AD86-6FE0FC0D9ED6}.Release|x86.Build.0 = Release|Any CPU
	EndGlobalSection
EndGlobal
